
Microsoft Visual Studio Solution File, Format Version 12.00
# Visual Studio 14
VisualStudioVersion = 14.0.24720.0
MinimumVisualStudioVersion = 10.0.40219.1
Project("{FAE04EC0-301F-11D3-BF4B-00C04F79EFBC}") = "XMD1.Droid", "XMD1\XMD1.Droid\XMD1.Droid.csproj", "{7126A84D-3D69-4B15-BB6D-0CBC8F11F417}"
EndProject
Project("{FAE04EC0-301F-11D3-BF4B-00C04F79EFBC}") = "XMD1.iOS", "XMD1\XMD1.iOS\XMD1.iOS.csproj", "{C22B23D1-842E-4D29-9DA8-C3CCD6ABDD4D}"
EndProject
Project("{FAE04EC0-301F-11D3-BF4B-00C04F79EFBC}") = "XMD1", "XMD1\XMD1\XMD1.csproj", "{DA945612-4584-496C-B75B-6B1324BAA89F}"
EndProject
Global
	GlobalSection(SolutionConfigurationPlatforms) = preSolution
		Ad-Hoc|Any CPU = Ad-Hoc|Any CPU
		Ad-Hoc|ARM = Ad-Hoc|ARM
		Ad-Hoc|iPhone = Ad-Hoc|iPhone
		Ad-Hoc|iPhoneSimulator = Ad-Hoc|iPhoneSimulator
		Ad-Hoc|x64 = Ad-Hoc|x64
		Ad-Hoc|x86 = Ad-Hoc|x86
		AppStore|Any CPU = AppStore|Any CPU
		AppStore|ARM = AppStore|ARM
		AppStore|iPhone = AppStore|iPhone
		AppStore|iPhoneSimulator = AppStore|iPhoneSimulator
		AppStore|x64 = AppStore|x64
		AppStore|x86 = AppStore|x86
		Debug|Any CPU = Debug|Any CPU
		Debug|ARM = Debug|ARM
		Debug|iPhone = Debug|iPhone
		Debug|iPhoneSimulator = Debug|iPhoneSimulator
		Debug|x64 = Debug|x64
		Debug|x86 = Debug|x86
		Release|Any CPU = Release|Any CPU
		Release|ARM = Release|ARM
		Release|iPhone = Release|iPhone
		Release|iPhoneSimulator = Release|iPhoneSimulator
		Release|x64 = Release|x64
		Release|x86 = Release|x86
	EndGlobalSection
	GlobalSection(ProjectConfigurationPlatforms) = postSolution
		{7126A84D-3D69-4B15-BB6D-0CBC8F11F417}.Ad-Hoc|Any CPU.ActiveCfg = Release|Any CPU
		{7126A84D-3D69-4B15-BB6D-0CBC8F11F417}.Ad-Hoc|Any CPU.Build.0 = Release|Any CPU
		{7126A84D-3D69-4B15-BB6D-0CBC8F11F417}.Ad-Hoc|Any CPU.Deploy.0 = Release|Any CPU
		{7126A84D-3D69-4B15-BB6D-0CBC8F11F417}.Ad-Hoc|ARM.ActiveCfg = Release|Any CPU
		{7126A84D-3D69-4B15-BB6D-0CBC8F11F417}.Ad-Hoc|ARM.Build.0 = Release|Any CPU
		{7126A84D-3D69-4B15-BB6D-0CBC8F11F417}.Ad-Hoc|ARM.Deploy.0 = Release|Any CPU
		{7126A84D-3D69-4B15-BB6D-0CBC8F11F417}.Ad-Hoc|iPhone.ActiveCfg = Release|Any CPU
		{7126A84D-3D69-4B15-BB6D-0CBC8F11F417}.Ad-Hoc|iPhone.Build.0 = Release|Any CPU
		{7126A84D-3D69-4B15-BB6D-0CBC8F11F417}.Ad-Hoc|iPhone.Deploy.0 = Release|Any CPU
		{7126A84D-3D69-4B15-BB6D-0CBC8F11F417}.Ad-Hoc|iPhoneSimulator.ActiveCfg = Release|Any CPU
		{7126A84D-3D69-4B15-BB6D-0CBC8F11F417}.Ad-Hoc|iPhoneSimulator.Build.0 = Release|Any CPU
		{7126A84D-3D69-4B15-BB6D-0CBC8F11F417}.Ad-Hoc|iPhoneSimulator.Deploy.0 = Release|Any CPU
		{7126A84D-3D69-4B15-BB6D-0CBC8F11F417}.Ad-Hoc|x64.ActiveCfg = Release|Any CPU
		{7126A84D-3D69-4B15-BB6D-0CBC8F11F417}.Ad-Hoc|x64.Build.0 = Release|Any CPU
		{7126A84D-3D69-4B15-BB6D-0CBC8F11F417}.Ad-Hoc|x64.Deploy.0 = Release|Any CPU
		{7126A84D-3D69-4B15-BB6D-0CBC8F11F417}.Ad-Hoc|x86.ActiveCfg = Release|Any CPU
		{7126A84D-3D69-4B15-BB6D-0CBC8F11F417}.Ad-Hoc|x86.Build.0 = Release|Any CPU
		{7126A84D-3D69-4B15-BB6D-0CBC8F11F417}.Ad-Hoc|x86.Deploy.0 = Release|Any CPU
		{7126A84D-3D69-4B15-BB6D-0CBC8F11F417}.AppStore|Any CPU.ActiveCfg = Release|Any CPU
		{7126A84D-3D69-4B15-BB6D-0CBC8F11F417}.AppStore|Any CPU.Build.0 = Release|Any CPU
		{7126A84D-3D69-4B15-BB6D-0CBC8F11F417}.AppStore|Any CPU.Deploy.0 = Release|Any CPU
		{7126A84D-3D69-4B15-BB6D-0CBC8F11F417}.AppStore|ARM.ActiveCfg = Release|Any CPU
		{7126A84D-3D69-4B15-BB6D-0CBC8F11F417}.AppStore|ARM.Build.0 = Release|Any CPU
		{7126A84D-3D69-4B15-BB6D-0CBC8F11F417}.AppStore|ARM.Deploy.0 = Release|Any CPU
		{7126A84D-3D69-4B15-BB6D-0CBC8F11F417}.AppStore|iPhone.ActiveCfg = Release|Any CPU
		{7126A84D-3D69-4B15-BB6D-0CBC8F11F417}.AppStore|iPhone.Build.0 = Release|Any CPU
		{7126A84D-3D69-4B15-BB6D-0CBC8F11F417}.AppStore|iPhone.Deploy.0 = Release|Any CPU
		{7126A84D-3D69-4B15-BB6D-0CBC8F11F417}.AppStore|iPhoneSimulator.ActiveCfg = Release|Any CPU
		{7126A84D-3D69-4B15-BB6D-0CBC8F11F417}.AppStore|iPhoneSimulator.Build.0 = Release|Any CPU
		{7126A84D-3D69-4B15-BB6D-0CBC8F11F417}.AppStore|iPhoneSimulator.Deploy.0 = Release|Any CPU
		{7126A84D-3D69-4B15-BB6D-0CBC8F11F417}.AppStore|x64.ActiveCfg = Release|Any CPU
		{7126A84D-3D69-4B15-BB6D-0CBC8F11F417}.AppStore|x64.Build.0 = Release|Any CPU
		{7126A84D-3D69-4B15-BB6D-0CBC8F11F417}.AppStore|x64.Deploy.0 = Release|Any CPU
		{7126A84D-3D69-4B15-BB6D-0CBC8F11F417}.AppStore|x86.ActiveCfg = Release|Any CPU
		{7126A84D-3D69-4B15-BB6D-0CBC8F11F417}.AppStore|x86.Build.0 = Release|Any CPU
		{7126A84D-3D69-4B15-BB6D-0CBC8F11F417}.AppStore|x86.Deploy.0 = Release|Any CPU
		{7126A84D-3D69-4B15-BB6D-0CBC8F11F417}.Debug|Any CPU.ActiveCfg = Debug|Any CPU
		{7126A84D-3D69-4B15-BB6D-0CBC8F11F417}.Debug|Any CPU.Build.0 = Debug|Any CPU
		{7126A84D-3D69-4B15-BB6D-0CBC8F11F417}.Debug|Any CPU.Deploy.0 = Debug|Any CPU
		{7126A84D-3D69-4B15-BB6D-0CBC8F11F417}.Debug|ARM.ActiveCfg = Debug|Any CPU
		{7126A84D-3D69-4B15-BB6D-0CBC8F11F417}.Debug|ARM.Build.0 = Debug|Any CPU
		{7126A84D-3D69-4B15-BB6D-0CBC8F11F417}.Debug|ARM.Deploy.0 = Debug|Any CPU
		{7126A84D-3D69-4B15-BB6D-0CBC8F11F417}.Debug|iPhone.ActiveCfg = Debug|Any CPU
		{7126A84D-3D69-4B15-BB6D-0CBC8F11F417}.Debug|iPhone.Build.0 = Debug|Any CPU
		{7126A84D-3D69-4B15-BB6D-0CBC8F11F417}.Debug|iPhone.Deploy.0 = Debug|Any CPU
		{7126A84D-3D69-4B15-BB6D-0CBC8F11F417}.Debug|iPhoneSimulator.ActiveCfg = Debug|Any CPU
		{7126A84D-3D69-4B15-BB6D-0CBC8F11F417}.Debug|iPhoneSimulator.Build.0 = Debug|Any CPU
		{7126A84D-3D69-4B15-BB6D-0CBC8F11F417}.Debug|iPhoneSimulator.Deploy.0 = Debug|Any CPU
		{7126A84D-3D69-4B15-BB6D-0CBC8F11F417}.Debug|x64.ActiveCfg = Debug|Any CPU
		{7126A84D-3D69-4B15-BB6D-0CBC8F11F417}.Debug|x64.Build.0 = Debug|Any CPU
		{7126A84D-3D69-4B15-BB6D-0CBC8F11F417}.Debug|x64.Deploy.0 = Debug|Any CPU
		{7126A84D-3D69-4B15-BB6D-0CBC8F11F417}.Debug|x86.ActiveCfg = Debug|Any CPU
		{7126A84D-3D69-4B15-BB6D-0CBC8F11F417}.Debug|x86.Build.0 = Debug|Any CPU
		{7126A84D-3D69-4B15-BB6D-0CBC8F11F417}.Debug|x86.Deploy.0 = Debug|Any CPU
		{7126A84D-3D69-4B15-BB6D-0CBC8F11F417}.Release|Any CPU.ActiveCfg = Release|Any CPU
		{7126A84D-3D69-4B15-BB6D-0CBC8F11F417}.Release|Any CPU.Build.0 = Release|Any CPU
		{7126A84D-3D69-4B15-BB6D-0CBC8F11F417}.Release|Any CPU.Deploy.0 = Release|Any CPU
		{7126A84D-3D69-4B15-BB6D-0CBC8F11F417}.Release|ARM.ActiveCfg = Release|Any CPU
		{7126A84D-3D69-4B15-BB6D-0CBC8F11F417}.Release|ARM.Build.0 = Release|Any CPU
		{7126A84D-3D69-4B15-BB6D-0CBC8F11F417}.Release|ARM.Deploy.0 = Release|Any CPU
		{7126A84D-3D69-4B15-BB6D-0CBC8F11F417}.Release|iPhone.ActiveCfg = Release|Any CPU
		{7126A84D-3D69-4B15-BB6D-0CBC8F11F417}.Release|iPhone.Build.0 = Release|Any CPU
		{7126A84D-3D69-4B15-BB6D-0CBC8F11F417}.Release|iPhone.Deploy.0 = Release|Any CPU
		{7126A84D-3D69-4B15-BB6D-0CBC8F11F417}.Release|iPhoneSimulator.ActiveCfg = Release|Any CPU
		{7126A84D-3D69-4B15-BB6D-0CBC8F11F417}.Release|iPhoneSimulator.Build.0 = Release|Any CPU
		{7126A84D-3D69-4B15-BB6D-0CBC8F11F417}.Release|iPhoneSimulator.Deploy.0 = Release|Any CPU
		{7126A84D-3D69-4B15-BB6D-0CBC8F11F417}.Release|x64.ActiveCfg = Release|Any CPU
		{7126A84D-3D69-4B15-BB6D-0CBC8F11F417}.Release|x64.Build.0 = Release|Any CPU
		{7126A84D-3D69-4B15-BB6D-0CBC8F11F417}.Release|x64.Deploy.0 = Release|Any CPU
		{7126A84D-3D69-4B15-BB6D-0CBC8F11F417}.Release|x86.ActiveCfg = Release|Any CPU
		{7126A84D-3D69-4B15-BB6D-0CBC8F11F417}.Release|x86.Build.0 = Release|Any CPU
		{7126A84D-3D69-4B15-BB6D-0CBC8F11F417}.Release|x86.Deploy.0 = Release|Any CPU
		{C22B23D1-842E-4D29-9DA8-C3CCD6ABDD4D}.Ad-Hoc|Any CPU.ActiveCfg = Ad-Hoc|iPhone
		{C22B23D1-842E-4D29-9DA8-C3CCD6ABDD4D}.Ad-Hoc|ARM.ActiveCfg = Ad-Hoc|iPhone
		{C22B23D1-842E-4D29-9DA8-C3CCD6ABDD4D}.Ad-Hoc|iPhone.ActiveCfg = Ad-Hoc|iPhone
		{C22B23D1-842E-4D29-9DA8-C3CCD6ABDD4D}.Ad-Hoc|iPhone.Build.0 = Ad-Hoc|iPhone
		{C22B23D1-842E-4D29-9DA8-C3CCD6ABDD4D}.Ad-Hoc|iPhoneSimulator.ActiveCfg = Ad-Hoc|iPhoneSimulator
		{C22B23D1-842E-4D29-9DA8-C3CCD6ABDD4D}.Ad-Hoc|iPhoneSimulator.Build.0 = Ad-Hoc|iPhoneSimulator
		{C22B23D1-842E-4D29-9DA8-C3CCD6ABDD4D}.Ad-Hoc|x64.ActiveCfg = Ad-Hoc|iPhone
		{C22B23D1-842E-4D29-9DA8-C3CCD6ABDD4D}.Ad-Hoc|x86.ActiveCfg = Ad-Hoc|iPhone
		{C22B23D1-842E-4D29-9DA8-C3CCD6ABDD4D}.AppStore|Any CPU.ActiveCfg = AppStore|iPhone
		{C22B23D1-842E-4D29-9DA8-C3CCD6ABDD4D}.AppStore|ARM.ActiveCfg = AppStore|iPhone
		{C22B23D1-842E-4D29-9DA8-C3CCD6ABDD4D}.AppStore|iPhone.ActiveCfg = AppStore|iPhone
		{C22B23D1-842E-4D29-9DA8-C3CCD6ABDD4D}.AppStore|iPhone.Build.0 = AppStore|iPhone
		{C22B23D1-842E-4D29-9DA8-C3CCD6ABDD4D}.AppStore|iPhoneSimulator.ActiveCfg = AppStore|iPhoneSimulator
		{C22B23D1-842E-4D29-9DA8-C3CCD6ABDD4D}.AppStore|iPhoneSimulator.Build.0 = AppStore|iPhoneSimulator
		{C22B23D1-842E-4D29-9DA8-C3CCD6ABDD4D}.AppStore|x64.ActiveCfg = AppStore|iPhone
		{C22B23D1-842E-4D29-9DA8-C3CCD6ABDD4D}.AppStore|x86.ActiveCfg = AppStore|iPhone
		{C22B23D1-842E-4D29-9DA8-C3CCD6ABDD4D}.Debug|Any CPU.ActiveCfg = Debug|iPhone
		{C22B23D1-842E-4D29-9DA8-C3CCD6ABDD4D}.Debug|ARM.ActiveCfg = Debug|iPhone
		{C22B23D1-842E-4D29-9DA8-C3CCD6ABDD4D}.Debug|iPhone.ActiveCfg = Debug|iPhone
		{C22B23D1-842E-4D29-9DA8-C3CCD6ABDD4D}.Debug|iPhone.Build.0 = Debug|iPhone
		{C22B23D1-842E-4D29-9DA8-C3CCD6ABDD4D}.Debug|iPhoneSimulator.ActiveCfg = Debug|iPhoneSimulator
		{C22B23D1-842E-4D29-9DA8-C3CCD6ABDD4D}.Debug|iPhoneSimulator.Build.0 = Debug|iPhoneSimulator
		{C22B23D1-842E-4D29-9DA8-C3CCD6ABDD4D}.Debug|x64.ActiveCfg = Debug|iPhone
		{C22B23D1-842E-4D29-9DA8-C3CCD6ABDD4D}.Debug|x86.ActiveCfg = Debug|iPhone
		{C22B23D1-842E-4D29-9DA8-C3CCD6ABDD4D}.Release|Any CPU.ActiveCfg = Release|iPhone
		{C22B23D1-842E-4D29-9DA8-C3CCD6ABDD4D}.Release|ARM.ActiveCfg = Release|iPhone
		{C22B23D1-842E-4D29-9DA8-C3CCD6ABDD4D}.Release|iPhone.ActiveCfg = Release|iPhone
		{C22B23D1-842E-4D29-9DA8-C3CCD6ABDD4D}.Release|iPhone.Build.0 = Release|iPhone
		{C22B23D1-842E-4D29-9DA8-C3CCD6ABDD4D}.Release|iPhoneSimulator.ActiveCfg = Release|iPhoneSimulator
		{C22B23D1-842E-4D29-9DA8-C3CCD6ABDD4D}.Release|iPhoneSimulator.Build.0 = Release|iPhoneSimulator
		{C22B23D1-842E-4D29-9DA8-C3CCD6ABDD4D}.Release|x64.ActiveCfg = Release|iPhone
		{C22B23D1-842E-4D29-9DA8-C3CCD6ABDD4D}.Release|x86.ActiveCfg = Release|iPhone
		{DA945612-4584-496C-B75B-6B1324BAA89F}.Ad-Hoc|Any CPU.ActiveCfg = Release|Any CPU
		{DA945612-4584-496C-B75B-6B1324BAA89F}.Ad-Hoc|Any CPU.Build.0 = Release|Any CPU
		{DA945612-4584-496C-B75B-6B1324BAA89F}.Ad-Hoc|ARM.ActiveCfg = Release|Any CPU
		{DA945612-4584-496C-B75B-6B1324BAA89F}.Ad-Hoc|ARM.Build.0 = Release|Any CPU
		{DA945612-4584-496C-B75B-6B1324BAA89F}.Ad-Hoc|iPhone.ActiveCfg = Release|Any CPU
		{DA945612-4584-496C-B75B-6B1324BAA89F}.Ad-Hoc|iPhone.Build.0 = Release|Any CPU
		{DA945612-4584-496C-B75B-6B1324BAA89F}.Ad-Hoc|iPhoneSimulator.ActiveCfg = Release|Any CPU
		{DA945612-4584-496C-B75B-6B1324BAA89F}.Ad-Hoc|iPhoneSimulator.Build.0 = Release|Any CPU
		{DA945612-4584-496C-B75B-6B1324BAA89F}.Ad-Hoc|x64.ActiveCfg = Release|Any CPU
		{DA945612-4584-496C-B75B-6B1324BAA89F}.Ad-Hoc|x64.Build.0 = Release|Any CPU
		{DA945612-4584-496C-B75B-6B1324BAA89F}.Ad-Hoc|x86.ActiveCfg = Release|Any CPU
		{DA945612-4584-496C-B75B-6B1324BAA89F}.Ad-Hoc|x86.Build.0 = Release|Any CPU
		{DA945612-4584-496C-B75B-6B1324BAA89F}.AppStore|Any CPU.ActiveCfg = Release|Any CPU
		{DA945612-4584-496C-B75B-6B1324BAA89F}.AppStore|Any CPU.Build.0 = Release|Any CPU
		{DA945612-4584-496C-B75B-6B1324BAA89F}.AppStore|ARM.ActiveCfg = Release|Any CPU
		{DA945612-4584-496C-B75B-6B1324BAA89F}.AppStore|ARM.Build.0 = Release|Any CPU
		{DA945612-4584-496C-B75B-6B1324BAA89F}.AppStore|iPhone.ActiveCfg = Release|Any CPU
		{DA945612-4584-496C-B75B-6B1324BAA89F}.AppStore|iPhone.Build.0 = Release|Any CPU
		{DA945612-4584-496C-B75B-6B1324BAA89F}.AppStore|iPhoneSimulator.ActiveCfg = Release|Any CPU
		{DA945612-4584-496C-B75B-6B1324BAA89F}.AppStore|iPhoneSimulator.Build.0 = Release|Any CPU
		{DA945612-4584-496C-B75B-6B1324BAA89F}.AppStore|x64.ActiveCfg = Release|Any CPU
		{DA945612-4584-496C-B75B-6B1324BAA89F}.AppStore|x64.Build.0 = Release|Any CPU
		{DA945612-4584-496C-B75B-6B1324BAA89F}.AppStore|x86.ActiveCfg = Release|Any CPU
		{DA945612-4584-496C-B75B-6B1324BAA89F}.AppStore|x86.Build.0 = Release|Any CPU
		{DA945612-4584-496C-B75B-6B1324BAA89F}.Debug|Any CPU.ActiveCfg = Debug|Any CPU
		{DA945612-4584-496C-B75B-6B1324BAA89F}.Debug|Any CPU.Build.0 = Debug|Any CPU
		{DA945612-4584-496C-B75B-6B1324BAA89F}.Debug|ARM.ActiveCfg = Debug|Any CPU
		{DA945612-4584-496C-B75B-6B1324BAA89F}.Debug|ARM.Build.0 = Debug|Any CPU
		{DA945612-4584-496C-B75B-6B1324BAA89F}.Debug|iPhone.ActiveCfg = Debug|Any CPU
		{DA945612-4584-496C-B75B-6B1324BAA89F}.Debug|iPhone.Build.0 = Debug|Any CPU
		{DA945612-4584-496C-B75B-6B1324BAA89F}.Debug|iPhoneSimulator.ActiveCfg = Debug|Any CPU
		{DA945612-4584-496C-B75B-6B1324BAA89F}.Debug|iPhoneSimulator.Build.0 = Debug|Any CPU
		{DA945612-4584-496C-B75B-6B1324BAA89F}.Debug|x64.ActiveCfg = Debug|Any CPU
		{DA945612-4584-496C-B75B-6B1324BAA89F}.Debug|x64.Build.0 = Debug|Any CPU
		{DA945612-4584-496C-B75B-6B1324BAA89F}.Debug|x86.ActiveCfg = Debug|Any CPU
		{DA945612-4584-496C-B75B-6B1324BAA89F}.Debug|x86.Build.0 = Debug|Any CPU
		{DA945612-4584-496C-B75B-6B1324BAA89F}.Release|Any CPU.ActiveCfg = Release|Any CPU
		{DA945612-4584-496C-B75B-6B1324BAA89F}.Release|Any CPU.Build.0 = Release|Any CPU
		{DA945612-4584-496C-B75B-6B1324BAA89F}.Release|ARM.ActiveCfg = Release|Any CPU
		{DA945612-4584-496C-B75B-6B1324BAA89F}.Release|ARM.Build.0 = Release|Any CPU
		{DA945612-4584-496C-B75B-6B1324BAA89F}.Release|iPhone.ActiveCfg = Release|Any CPU
		{DA945612-4584-496C-B75B-6B1324BAA89F}.Release|iPhone.Build.0 = Release|Any CPU
		{DA945612-4584-496C-B75B-6B1324BAA89F}.Release|iPhoneSimulator.ActiveCfg = Release|Any CPU
		{DA945612-4584-496C-B75B-6B1324BAA89F}.Release|iPhoneSimulator.Build.0 = Release|Any CPU
		{DA945612-4584-496C-B75B-6B1324BAA89F}.Release|x64.ActiveCfg = Release|Any CPU
		{DA945612-4584-496C-B75B-6B1324BAA89F}.Release|x64.Build.0 = Release|Any CPU
		{DA945612-4584-496C-B75B-6B1324BAA89F}.Release|x86.ActiveCfg = Release|Any CPU
		{DA945612-4584-496C-B75B-6B1324BAA89F}.Release|x86.Build.0 = Release|Any CPU
	EndGlobalSection
	GlobalSection(SolutionProperties) = preSolution
		HideSolutionNode = FALSE
	EndGlobalSection
EndGlobal
